
Microsoft Visual Studio Solution File, Format Version 12.00
# Visual Studio 2017
Project("{FAE04EC0-301F-11D3-BF4B-00C04F79EFBC}") = "DarckRocks", "DarckRocks.csproj", "{BFE54DA5-A9DB-832A-58E1-C42C40F65AD1}"
EndProject
Project("{FAE04EC0-301F-11D3-BF4B-00C04F79EFBC}") = "DarckRocks.Plugins", "DarckRocks.Plugins.csproj", "{52D522FC-D823-D3B8-A526-29FBC5A9BE50}"
EndProject
Global
	GlobalSection(SolutionConfigurationPlatforms) = preSolution
		Debug|Any CPU = Debug|Any CPU
		Release|Any CPU = Release|Any CPU
	EndGlobalSection
	GlobalSection(ProjectConfigurationPlatforms) = postSolution
		{BFE54DA5-A9DB-832A-58E1-C42C40F65AD1}.Debug|Any CPU.ActiveCfg = Debug|Any CPU
		{BFE54DA5-A9DB-832A-58E1-C42C40F65AD1}.Debug|Any CPU.Build.0 = Debug|Any CPU
		{BFE54DA5-A9DB-832A-58E1-C42C40F65AD1}.Release|Any CPU.ActiveCfg = Release|Any CPU
		{BFE54DA5-A9DB-832A-58E1-C42C40F65AD1}.Release|Any CPU.Build.0 = Release|Any CPU
		{52D522FC-D823-D3B8-A526-29FBC5A9BE50}.Debug|Any CPU.ActiveCfg = Debug|Any CPU
		{52D522FC-D823-D3B8-A526-29FBC5A9BE50}.Debug|Any CPU.Build.0 = Debug|Any CPU
		{52D522FC-D823-D3B8-A526-29FBC5A9BE50}.Release|Any CPU.ActiveCfg = Release|Any CPU
		{52D522FC-D823-D3B8-A526-29FBC5A9BE50}.Release|Any CPU.Build.0 = Release|Any CPU
	EndGlobalSection
	GlobalSection(SolutionProperties) = preSolution
		HideSolutionNode = FALSE
	EndGlobalSection
EndGlobal
